
Microsoft Visual Studio Solution File, Format Version 12.00
# Visual Studio 15
VisualStudioVersion = 15.0.27703.2042
MinimumVisualStudioVersion = 10.0.40219.1
Project("{FAE04EC0-301F-11D3-BF4B-00C04F79EFBC}") = "Problem17", "Problem17\Problem17.csproj", "{EBD66FCB-6B43-4892-A329-6B6C7CC792A9}"
EndProject
Project("{FAE04EC0-301F-11D3-BF4B-00C04F79EFBC}") = "Problem18", "Problem18\Problem18.csproj", "{975AD44E-EFE1-46F6-95FD-065C9EDEF35F}"
EndProject
Global
	GlobalSection(SolutionConfigurationPlatforms) = preSolution
		Debug|Any CPU = Debug|Any CPU
		Release|Any CPU = Release|Any CPU
	EndGlobalSection
	GlobalSection(ProjectConfigurationPlatforms) = postSolution
		{EBD66FCB-6B43-4892-A329-6B6C7CC792A9}.Debug|Any CPU.ActiveCfg = Debug|Any CPU
		{EBD66FCB-6B43-4892-A329-6B6C7CC792A9}.Debug|Any CPU.Build.0 = Debug|Any CPU
		{EBD66FCB-6B43-4892-A329-6B6C7CC792A9}.Release|Any CPU.ActiveCfg = Release|Any CPU
		{EBD66FCB-6B43-4892-A329-6B6C7CC792A9}.Release|Any CPU.Build.0 = Release|Any CPU
		{975AD44E-EFE1-46F6-95FD-065C9EDEF35F}.Debug|Any CPU.ActiveCfg = Debug|Any CPU
		{975AD44E-EFE1-46F6-95FD-065C9EDEF35F}.Debug|Any CPU.Build.0 = Debug|Any CPU
		{975AD44E-EFE1-46F6-95FD-065C9EDEF35F}.Release|Any CPU.ActiveCfg = Release|Any CPU
		{975AD44E-EFE1-46F6-95FD-065C9EDEF35F}.Release|Any CPU.Build.0 = Release|Any CPU
	EndGlobalSection
	GlobalSection(SolutionProperties) = preSolution
		HideSolutionNode = FALSE
	EndGlobalSection
	GlobalSection(ExtensibilityGlobals) = postSolution
		SolutionGuid = {E7F15460-041C-4913-AD95-22A209CF1394}
	EndGlobalSection
EndGlobal
