
Microsoft Visual Studio Solution File, Format Version 12.00
# Visual Studio 15
VisualStudioVersion = 15.0.27703.2042
MinimumVisualStudioVersion = 10.0.40219.1
Project("{FAE04EC0-301F-11D3-BF4B-00C04F79EFBC}") = "Problem13", "Problem13\Problem13.csproj", "{6B0965E9-FC76-4A15-A0A2-94C062292748}"
EndProject
Project("{FAE04EC0-301F-11D3-BF4B-00C04F79EFBC}") = "Problem14", "Problem14\Problem14.csproj", "{2611FD40-5B22-4479-A504-68EDFD342904}"
EndProject
Global
	GlobalSection(SolutionConfigurationPlatforms) = preSolution
		Debug|Any CPU = Debug|Any CPU
		Release|Any CPU = Release|Any CPU
	EndGlobalSection
	GlobalSection(ProjectConfigurationPlatforms) = postSolution
		{6B0965E9-FC76-4A15-A0A2-94C062292748}.Debug|Any CPU.ActiveCfg = Debug|Any CPU
		{6B0965E9-FC76-4A15-A0A2-94C062292748}.Debug|Any CPU.Build.0 = Debug|Any CPU
		{6B0965E9-FC76-4A15-A0A2-94C062292748}.Release|Any CPU.ActiveCfg = Release|Any CPU
		{6B0965E9-FC76-4A15-A0A2-94C062292748}.Release|Any CPU.Build.0 = Release|Any CPU
		{2611FD40-5B22-4479-A504-68EDFD342904}.Debug|Any CPU.ActiveCfg = Debug|Any CPU
		{2611FD40-5B22-4479-A504-68EDFD342904}.Debug|Any CPU.Build.0 = Debug|Any CPU
		{2611FD40-5B22-4479-A504-68EDFD342904}.Release|Any CPU.ActiveCfg = Release|Any CPU
		{2611FD40-5B22-4479-A504-68EDFD342904}.Release|Any CPU.Build.0 = Release|Any CPU
	EndGlobalSection
	GlobalSection(SolutionProperties) = preSolution
		HideSolutionNode = FALSE
	EndGlobalSection
	GlobalSection(ExtensibilityGlobals) = postSolution
		SolutionGuid = {C419D5E0-A534-4E91-BAD9-65B44D074750}
	EndGlobalSection
EndGlobal
