
Microsoft Visual Studio Solution File, Format Version 12.00
# Visual Studio 15
VisualStudioVersion = 15.0.27703.2042
MinimumVisualStudioVersion = 10.0.40219.1
Project("{FAE04EC0-301F-11D3-BF4B-00C04F79EFBC}") = "Problem12", "Problem12\Problem12.csproj", "{BA6E9430-F7EB-47DD-B396-1104E75394E5}"
EndProject
Project("{FAE04EC0-301F-11D3-BF4B-00C04F79EFBC}") = "Problem13", "Problem13\Problem13.csproj", "{278B5800-5082-4139-99AA-F12781473954}"
EndProject
Global
	GlobalSection(SolutionConfigurationPlatforms) = preSolution
		Debug|Any CPU = Debug|Any CPU
		Release|Any CPU = Release|Any CPU
	EndGlobalSection
	GlobalSection(ProjectConfigurationPlatforms) = postSolution
		{BA6E9430-F7EB-47DD-B396-1104E75394E5}.Debug|Any CPU.ActiveCfg = Debug|Any CPU
		{BA6E9430-F7EB-47DD-B396-1104E75394E5}.Debug|Any CPU.Build.0 = Debug|Any CPU
		{BA6E9430-F7EB-47DD-B396-1104E75394E5}.Release|Any CPU.ActiveCfg = Release|Any CPU
		{BA6E9430-F7EB-47DD-B396-1104E75394E5}.Release|Any CPU.Build.0 = Release|Any CPU
		{278B5800-5082-4139-99AA-F12781473954}.Debug|Any CPU.ActiveCfg = Debug|Any CPU
		{278B5800-5082-4139-99AA-F12781473954}.Debug|Any CPU.Build.0 = Debug|Any CPU
		{278B5800-5082-4139-99AA-F12781473954}.Release|Any CPU.ActiveCfg = Release|Any CPU
		{278B5800-5082-4139-99AA-F12781473954}.Release|Any CPU.Build.0 = Release|Any CPU
	EndGlobalSection
	GlobalSection(SolutionProperties) = preSolution
		HideSolutionNode = FALSE
	EndGlobalSection
	GlobalSection(ExtensibilityGlobals) = postSolution
		SolutionGuid = {1CD4C69D-09FE-4ECE-8BE6-2791A52419B5}
	EndGlobalSection
EndGlobal
