
Microsoft Visual Studio Solution File, Format Version 12.00
# Visual Studio 15
VisualStudioVersion = 15.0.27703.2042
MinimumVisualStudioVersion = 10.0.40219.1
Project("{FAE04EC0-301F-11D3-BF4B-00C04F79EFBC}") = "Problem15", "Problem15\Problem15.csproj", "{D0BE01D7-99E8-497E-BE43-408B6EFD574D}"
EndProject
Project("{FAE04EC0-301F-11D3-BF4B-00C04F79EFBC}") = "Problem16", "Problem16\Problem16.csproj", "{BDEB0744-F35B-4797-B9D3-EF7F0B7F22B9}"
EndProject
Global
	GlobalSection(SolutionConfigurationPlatforms) = preSolution
		Debug|Any CPU = Debug|Any CPU
		Release|Any CPU = Release|Any CPU
	EndGlobalSection
	GlobalSection(ProjectConfigurationPlatforms) = postSolution
		{D0BE01D7-99E8-497E-BE43-408B6EFD574D}.Debug|Any CPU.ActiveCfg = Debug|Any CPU
		{D0BE01D7-99E8-497E-BE43-408B6EFD574D}.Debug|Any CPU.Build.0 = Debug|Any CPU
		{D0BE01D7-99E8-497E-BE43-408B6EFD574D}.Release|Any CPU.ActiveCfg = Release|Any CPU
		{D0BE01D7-99E8-497E-BE43-408B6EFD574D}.Release|Any CPU.Build.0 = Release|Any CPU
		{BDEB0744-F35B-4797-B9D3-EF7F0B7F22B9}.Debug|Any CPU.ActiveCfg = Debug|Any CPU
		{BDEB0744-F35B-4797-B9D3-EF7F0B7F22B9}.Debug|Any CPU.Build.0 = Debug|Any CPU
		{BDEB0744-F35B-4797-B9D3-EF7F0B7F22B9}.Release|Any CPU.ActiveCfg = Release|Any CPU
		{BDEB0744-F35B-4797-B9D3-EF7F0B7F22B9}.Release|Any CPU.Build.0 = Release|Any CPU
	EndGlobalSection
	GlobalSection(SolutionProperties) = preSolution
		HideSolutionNode = FALSE
	EndGlobalSection
	GlobalSection(ExtensibilityGlobals) = postSolution
		SolutionGuid = {2DF177C1-BBC9-4D76-8320-3616B36C91F0}
	EndGlobalSection
EndGlobal
