
Microsoft Visual Studio Solution File, Format Version 12.00
# Visual Studio 15
VisualStudioVersion = 15.0.27703.2042
MinimumVisualStudioVersion = 10.0.40219.1
Project("{FAE04EC0-301F-11D3-BF4B-00C04F79EFBC}") = "Problem14", "Problem14\Problem14.csproj", "{7430AD6B-ECD1-41FC-A74F-E4E00A0EA279}"
EndProject
Project("{FAE04EC0-301F-11D3-BF4B-00C04F79EFBC}") = "Problem15", "Problem15\Problem15.csproj", "{2FA7B17A-5205-455D-9EF1-4E52C68ED510}"
EndProject
Global
	GlobalSection(SolutionConfigurationPlatforms) = preSolution
		Debug|Any CPU = Debug|Any CPU
		Release|Any CPU = Release|Any CPU
	EndGlobalSection
	GlobalSection(ProjectConfigurationPlatforms) = postSolution
		{7430AD6B-ECD1-41FC-A74F-E4E00A0EA279}.Debug|Any CPU.ActiveCfg = Debug|Any CPU
		{7430AD6B-ECD1-41FC-A74F-E4E00A0EA279}.Debug|Any CPU.Build.0 = Debug|Any CPU
		{7430AD6B-ECD1-41FC-A74F-E4E00A0EA279}.Release|Any CPU.ActiveCfg = Release|Any CPU
		{7430AD6B-ECD1-41FC-A74F-E4E00A0EA279}.Release|Any CPU.Build.0 = Release|Any CPU
		{2FA7B17A-5205-455D-9EF1-4E52C68ED510}.Debug|Any CPU.ActiveCfg = Debug|Any CPU
		{2FA7B17A-5205-455D-9EF1-4E52C68ED510}.Debug|Any CPU.Build.0 = Debug|Any CPU
		{2FA7B17A-5205-455D-9EF1-4E52C68ED510}.Release|Any CPU.ActiveCfg = Release|Any CPU
		{2FA7B17A-5205-455D-9EF1-4E52C68ED510}.Release|Any CPU.Build.0 = Release|Any CPU
	EndGlobalSection
	GlobalSection(SolutionProperties) = preSolution
		HideSolutionNode = FALSE
	EndGlobalSection
	GlobalSection(ExtensibilityGlobals) = postSolution
		SolutionGuid = {C27559B1-F758-43F2-8FDA-B731B709954A}
	EndGlobalSection
EndGlobal
